
Microsoft Visual Studio Solution File, Format Version 12.00
# Visual Studio 14
VisualStudioVersion = 14.0.25420.1
MinimumVisualStudioVersion = 10.0.40219.1
Project("{FAE04EC0-301F-11D3-BF4B-00C04F79EFBC}") = "DatabaseService", "DatabaseService\DatabaseService.csproj", "{3B481DC9-A6C7-489B-908F-364478CD218D}"
EndProject
Project("{FAE04EC0-301F-11D3-BF4B-00C04F79EFBC}") = "WindowsFormsUsers", "WindowsFormsUsers\WindowsFormsUsers.csproj", "{F556F193-D36C-4533-9C61-61074C7964BE}"
EndProject
Global
	GlobalSection(SolutionConfigurationPlatforms) = preSolution
		Debug|Any CPU = Debug|Any CPU
		Release|Any CPU = Release|Any CPU
	EndGlobalSection
	GlobalSection(ProjectConfigurationPlatforms) = postSolution
		{3B481DC9-A6C7-489B-908F-364478CD218D}.Debug|Any CPU.ActiveCfg = Debug|Any CPU
		{3B481DC9-A6C7-489B-908F-364478CD218D}.Debug|Any CPU.Build.0 = Debug|Any CPU
		{3B481DC9-A6C7-489B-908F-364478CD218D}.Release|Any CPU.ActiveCfg = Release|Any CPU
		{3B481DC9-A6C7-489B-908F-364478CD218D}.Release|Any CPU.Build.0 = Release|Any CPU
		{F556F193-D36C-4533-9C61-61074C7964BE}.Debug|Any CPU.ActiveCfg = Debug|Any CPU
		{F556F193-D36C-4533-9C61-61074C7964BE}.Debug|Any CPU.Build.0 = Debug|Any CPU
		{F556F193-D36C-4533-9C61-61074C7964BE}.Release|Any CPU.ActiveCfg = Release|Any CPU
		{F556F193-D36C-4533-9C61-61074C7964BE}.Release|Any CPU.Build.0 = Release|Any CPU
	EndGlobalSection
	GlobalSection(SolutionProperties) = preSolution
		HideSolutionNode = FALSE
	EndGlobalSection
EndGlobal
